{
  "requires": true,
  "lockfileVersion": 1,
  "dependencies": {
    "vue-cookies": {
      "version": "1.5.7",
      "resolved": "https://registry.npmjs.org/vue-cookies/-/vue-cookies-1.5.7.tgz",
      "integrity": "sha512-XAZDLIrTM7M8CaPAdUaAybQeFfRmyTAYOjAnKHe7BY9w0hJs9hpNZS41mk9Z+ElMUad5RvyAP4MIJbSoNf50Eg=="
    }
  }
}
