
Microsoft Visual Studio Solution File, Format Version 12.00
# Visual Studio 15
VisualStudioVersion = 15.0.28010.2050
MinimumVisualStudioVersion = 10.0.40219.1
Project("{888888A0-9F3D-457C-B088-3A5042F75D52}") = "api", "api.pyproj", "{6DE40168-2E43-435D-906A-9BB6EFB5D079}"
EndProject
Global
	GlobalSection(SolutionConfigurationPlatforms) = preSolution
		Debug|Any CPU = Debug|Any CPU
		Release|Any CPU = Release|Any CPU
	EndGlobalSection
	GlobalSection(ProjectConfigurationPlatforms) = postSolution
		{6DE40168-2E43-435D-906A-9BB6EFB5D079}.Debug|Any CPU.ActiveCfg = Debug|Any CPU
		{6DE40168-2E43-435D-906A-9BB6EFB5D079}.Release|Any CPU.ActiveCfg = Release|Any CPU
	EndGlobalSection
	GlobalSection(SolutionProperties) = preSolution
		HideSolutionNode = FALSE
	EndGlobalSection
	GlobalSection(ExtensibilityGlobals) = postSolution
		SolutionGuid = {B0169FCE-6491-4226-B96D-9B0924052E5B}
	EndGlobalSection
EndGlobal
